// !$*UTF8*$!
{
	archiveVersion = 1;
	classes = {
	};
	objectVersion = 46;
	objects = {

/* Begin PBXBuildFile section */
		457ED3BC1B4EEDB70045C25E /* AppDelegate.swift in Sources */ = {isa = PBXBuildFile; fileRef = 457ED3BB1B4EEDB70045C25E /* AppDelegate.swift */; };
		457ED3BF1B4EEDB70045C25E /* Vankon_World.xcdatamodeld in Sources */ = {isa = PBXBuildFile; fileRef = 457ED3BD1B4EEDB70045C25E /* Vankon_World.xcdatamodeld */; };
		457ED3C11B4EEDB70045C25E /* ViewController.swift in Sources */ = {isa = PBXBuildFile; fileRef = 457ED3C01B4EEDB70045C25E /* ViewController.swift */; };
		457ED3C41B4EEDB70045C25E /* Main.storyboard in Resources */ = {isa = PBXBuildFile; fileRef = 457ED3C21B4EEDB70045C25E /* Main.storyboard */; };
		457ED3C61B4EEDB70045C25E /* Images.xcassets in Resources */ = {isa = PBXBuildFile; fileRef = 457ED3C51B4EEDB70045C25E /* Images.xcassets */; };
		457ED3C91B4EEDB70045C25E /* LaunchScreen.xib in Resources */ = {isa = PBXBuildFile; fileRef = 457ED3C71B4EEDB70045C25E /* LaunchScreen.xib */; };
		457ED3D51B4EEDB70045C25E /* Vankon_WorldTests.swift in Sources */ = {isa = PBXBuildFile; fileRef = 457ED3D41B4EEDB70045C25E /* Vankon_WorldTests.swift */; };
/* End PBXBuildFile section */

/* Begin PBXContainerItemProxy section */
		457ED3CF1B4EEDB70045C25E /* PBXContainerItemProxy */ = {
			isa = PBXContainerItemProxy;
			containerPortal = 457ED3AE1B4EEDB60045C25E /* Project object */;
			proxyType = 1;
			remoteGlobalIDString = 457ED3B51B4EEDB60045C25E;
			remoteInfo = "Vankon World";
		};
/* End PBXContainerItemProxy section */

/* Begin PBXFileReference section */
		457ED3B61B4EEDB60045C25E /* Vankon World.app */ = {isa = PBXFileReference; explicitFileType = wrapper.application; includeInIndex = 0; path = "Vankon World.app"; sourceTree = BUILT_PRODUCTS_DIR; };
		457ED3BA1B4EEDB70045C25E /* Info.plist */ = {isa = PBXFileReference; lastKnownFileType = text.plist.xml; path = Info.plist; sourceTree = "<group>"; };
		457ED3BB1B4EEDB70045C25E /* AppDelegate.swift */ = {isa = PBXFileReference; lastKnownFileType = sourcecode.swift; path = AppDelegate.swift; sourceTree = "<group>"; };
		457ED3BE1B4EEDB70045C25E /* Vankon_World.xcdatamodel */ = {isa = PBXFileReference; lastKnownFileType = wrapper.xcdatamodel; path = Vankon_World.xcdatamodel; sourceTree = "<group>"; };
		457ED3C01B4EEDB70045C25E /* ViewController.swift */ = {isa = PBXFileReference; lastKnownFileType = sourcecode.swift; path = ViewController.swift; sourceTree = "<group>"; };
		457ED3C31B4EEDB70045C25E /* Base */ = {isa = PBXFileReference; lastKnownFileType = file.storyboard; name = Base; path = Base.lproj/Main.storyboard; sourceTree = "<group>"; };
		457ED3C51B4EEDB70045C25E /* Images.xcassets */ = {isa = PBXFileReference; lastKnownFileType = folder.assetcatalog; path = Images.xcassets; sourceTree = "<group>"; };
		457ED3C81B4EEDB70045C25E /* Base */ = {isa = PBXFileReference; lastKnownFileType = file.xib; name = Base; path = Base.lproj/LaunchScreen.xib; sourceTree = "<group>"; };
		457ED3CE1B4EEDB70045C25E /* Vankon WorldTests.xctest */ = {isa = PBXFileReference; explicitFileType = wrapper.cfbundle; includeInIndex = 0; path = "Vankon WorldTests.xctest"; sourceTree = BUILT_PRODUCTS_DIR; };
		457ED3D31B4EEDB70045C25E /* Info.plist */ = {isa = PBXFileReference; lastKnownFileType = text.plist.xml; path = Info.plist; sourceTree = "<group>"; };
		457ED3D41B4EEDB70045C25E /* Vankon_WorldTests.swift */ = {isa = PBXFileReference; lastKnownFileType = sourcecode.swift; path = Vankon_WorldTests.swift; sourceTree = "<group>"; };
/* End PBXFileReference section */

/* Begin PBXFrameworksBuildPhase section */
		457ED3B31B4EEDB60045C25E /* Frameworks */ = {
			isa = PBXFrameworksBuildPhase;
			buildActionMask = 2147483647;
			files = (
			);
			runOnlyForDeploymentPostprocessing = 0;
		};
		457ED3CB1B4EEDB70045C25E /* Frameworks */ = {
			isa = PBXFrameworksBuildPhase;
			buildActionMask = 2147483647;
			files = (
			);
			runOnlyForDeploymentPostprocessing = 0;
		};
/* End PBXFrameworksBuildPhase section */

/* Begin PBXGroup section */
		457ED3AD1B4EEDB60045C25E = {
			isa = PBXGroup;
			children = (
				457ED3B81B4EEDB60045C25E /* Vankon World */,
				457ED3D11B4EEDB70045C25E /* Vankon WorldTests */,
				457ED3B71B4EEDB60045C25E /* Products */,
			);
			sourceTree = "<group>";
		};
		457ED3B71B4EEDB60045C25E /* Products */ = {
			isa = PBXGroup;
			children = (
				457ED3B61B4EEDB60045C25E /* Vankon World.app */,
				457ED3CE1B4EEDB70045C25E /* Vankon WorldTests.xctest */,
			);
			name = Products;
			sourceTree = "<group>";
		};
		457ED3B81B4EEDB60045C25E /* Vankon World */ = {
			isa = PBXGroup;
			children = (
				457ED3BB1B4EEDB70045C25E /* AppDelegate.swift */,
				457ED3C01B4EEDB70045C25E /* ViewController.swift */,
				457ED3C21B4EEDB70045C25E /* Main.storyboard */,
				457ED3C51B4EEDB70045C25E /* Images.xcassets */,
				457ED3C71B4EEDB70045C25E /* LaunchScreen.xib */,
				457ED3BD1B4EEDB70045C25E /* Vankon_World.xcdatamodeld */,
				457ED3B91B4EEDB70045C25E /* Supporting Files */,
			);
			path = "Vankon World";
			sourceTree = "<group>";
		};
		457ED3B91B4EEDB70045C25E /* Supporting Files */ = {
			isa = PBXGroup;
			children = (
				457ED3BA1B4EEDB70045C25E /* Info.plist */,
			);
			name = "Supporting Files";
			sourceTree = "<group>";
		};
		457ED3D11B4EEDB70045C25E /* Vankon WorldTests */ = {
			isa = PBXGroup;
			children = (
				457ED3D41B4EEDB70045C25E /* Vankon_WorldTests.swift */,
				457ED3D21B4EEDB70045C25E /* Supporting Files */,
			);
			path = "Vankon WorldTests";
			sourceTree = "<group>";
		};
		457ED3D21B4EEDB70045C25E /* Supporting Files */ = {
			isa = PBXGroup;
			children = (
				457ED3D31B4EEDB70045C25E /* Info.plist */,
			);
			name = "Supporting Files";
			sourceTree = "<group>";
		};
/* End PBXGroup section */

/* Begin PBXNativeTarget section */
		457ED3B51B4EEDB60045C25E /* Vankon World */ = {
			isa = PBXNativeTarget;
			buildConfigurationList = 457ED3D81B4EEDB70045C25E /* Build configuration list for PBXNativeTarget "Vankon World" */;
			buildPhases = (
				457ED3B21B4EEDB60045C25E /* Sources */,
				457ED3B31B4EEDB60045C25E /* Frameworks */,
				457ED3B41B4EEDB60045C25E /* Resources */,
			);
			buildRules = (
			);
			dependencies = (
			);
			name = "Vankon World";
			productName = "Vankon World";
			productReference = 457ED3B61B4EEDB60045C25E /* Vankon World.app */;
			productType = "com.apple.product-type.application";
		};
		457ED3CD1B4EEDB70045C25E /* Vankon WorldTests */ = {
			isa = PBXNativeTarget;
			buildConfigurationList = 457ED3DB1B4EEDB70045C25E /* Build configuration list for PBXNativeTarget "Vankon WorldTests" */;
			buildPhases = (
				457ED3CA1B4EEDB70045C25E /* Sources */,
				457ED3CB1B4EEDB70045C25E /* Frameworks */,
				457ED3CC1B4EEDB70045C25E /* Resources */,
			);
			buildRules = (
			);
			dependencies = (
				457ED3D01B4EEDB70045C25E /* PBXTargetDependency */,
			);
			name = "Vankon WorldTests";
			productName = "Vankon WorldTests";
			productReference = 457ED3CE1B4EEDB70045C25E /* Vankon WorldTests.xctest */;
			productType = "com.apple.product-type.bundle.unit-test";
		};
/* End PBXNativeTarget section */

/* Begin PBXProject section */
		457ED3AE1B4EEDB60045C25E /* Project object */ = {
			isa = PBXProject;
			attributes = {
				LastUpgradeCheck = 0640;
				ORGANIZATIONNAME = "Rohit Gurnani";
				TargetAttributes = {
					457ED3B51B4EEDB60045C25E = {
						CreatedOnToolsVersion = 6.4;
					};
					457ED3CD1B4EEDB70045C25E = {
						CreatedOnToolsVersion = 6.4;
						TestTargetID = 457ED3B51B4EEDB60045C25E;
					};
				};
			};
			buildConfigurationList = 457ED3B11B4EEDB60045C25E /* Build configuration list for PBXProject "Vankon World" */;
			compatibilityVersion = "Xcode 3.2";
			developmentRegion = English;
			hasScannedForEncodings = 0;
			knownRegions = (
				en,
				Base,
			);
			mainGroup = 457ED3AD1B4EEDB60045C25E;
			productRefGroup = 457ED3B71B4EEDB60045C25E /* Products */;
			projectDirPath = "";
			projectRoot = "";
			targets = (
				457ED3B51B4EEDB60045C25E /* Vankon World */,
				457ED3CD1B4EEDB70045C25E /* Vankon WorldTests */,
			);
		};
/* End PBXProject section */

/* Begin PBXResourcesBuildPhase section */
		457ED3B41B4EEDB60045C25E /* Resources */ = {
			isa = PBXResourcesBuildPhase;
			buildActionMask = 2147483647;
			files = (
				457ED3C41B4EEDB70045C25E /* Main.storyboard in Resources */,
				457ED3C91B4EEDB70045C25E /* LaunchScreen.xib in Resources */,
				457ED3C61B4EEDB70045C25E /* Images.xcassets in Resources */,
			);
			runOnlyForDeploymentPostprocessing = 0;
		};
		457ED3CC1B4EEDB70045C25E /* Resources */ = {
			isa = PBXResourcesBuildPhase;
			buildActionMask = 2147483647;
			files = (
			);
			runOnlyForDeploymentPostprocessing = 0;
		};
/* End PBXResourcesBuildPhase section */

/* Begin PBXSourcesBuildPhase section */
		457ED3B21B4EEDB60045C25E /* Sources */ = {
			isa = PBXSourcesBuildPhase;
			buildActionMask = 2147483647;
			files = (
				457ED3C11B4EEDB70045C25E /* ViewController.swift in Sources */,
				457ED3BC1B4EEDB70045C25E /* AppDelegate.swift in Sources */,
				457ED3BF1B4EEDB70045C25E /* Vankon_World.xcdatamodeld in Sources */,
			);
			runOnlyForDeploymentPostprocessing = 0;
		};
		457ED3CA1B4EEDB70045C25E /* Sources */ = {
			isa = PBXSourcesBuildPhase;
			buildActionMask = 2147483647;
			files = (
				457ED3D51B4EEDB70045C25E /* Vankon_WorldTests.swift in Sources */,
			);
			runOnlyForDeploymentPostprocessing = 0;
		};
/* End PBXSourcesBuildPhase section */

/* Begin PBXTargetDependency section */
		457ED3D01B4EEDB70045C25E /* PBXTargetDependency */ = {
			isa = PBXTargetDependency;
			target = 457ED3B51B4EEDB60045C25E /* Vankon World */;
			targetProxy = 457ED3CF1B4EEDB70045C25E /* PBXContainerItemProxy */;
		};
/* End PBXTargetDependency section */

/* Begin PBXVariantGroup section */
		457ED3C21B4EEDB70045C25E /* Main.storyboard */ = {
			isa = PBXVariantGroup;
			children = (
				457ED3C31B4EEDB70045C25E /* Base */,
			);
			name = Main.storyboard;
			sourceTree = "<group>";
		};
		457ED3C71B4EEDB70045C25E /* LaunchScreen.xib */ = {
			isa = PBXVariantGroup;
			children = (
				457ED3C81B4EEDB70045C25E /* Base */,
			);
			name = LaunchScreen.xib;
			sourceTree = "<group>";
		};
/* End PBXVariantGroup section */

/* Begin XCBuildConfiguration section */
		457ED3D61B4EEDB70045C25E /* Debug */ = {
			isa = XCBuildConfiguration;
			buildSettings = {
				ALWAYS_SEARCH_USER_PATHS = NO;
				CLANG_CXX_LANGUAGE_STANDARD = "gnu++0x";
				CLANG_CXX_LIBRARY = "libc++";
				CLANG_ENABLE_MODULES = YES;
				CLANG_ENABLE_OBJC_ARC = YES;
				CLANG_WARN_BOOL_CONVERSION = YES;
				CLANG_WARN_CONSTANT_CONVERSION = YES;
				CLANG_WARN_DIRECT_OBJC_ISA_USAGE = YES_ERROR;
				CLANG_WARN_EMPTY_BODY = YES;
				CLANG_WARN_ENUM_CONVERSION = YES;
				CLANG_WARN_INT_CONVERSION = YES;
				CLANG_WARN_OBJC_ROOT_CLASS = YES_ERROR;
				CLANG_WARN_UNREACHABLE_CODE = YES;
				CLANG_WARN__DUPLICATE_METHOD_MATCH = YES;
				"CODE_SIGN_IDENTITY[sdk=iphoneos*]" = "iPhone Developer";
				COPY_PHASE_STRIP = NO;
				DEBUG_INFORMATION_FORMAT = "dwarf-with-dsym";
				ENABLE_STRICT_OBJC_MSGSEND = YES;
				GCC_C_LANGUAGE_STANDARD = gnu99;
				GCC_DYNAMIC_NO_PIC = NO;
				GCC_NO_COMMON_BLOCKS = YES;
				GCC_OPTIMIZATION_LEVEL = 0;
				GCC_PREPROCESSOR_DEFINITIONS = (
					"DEBUG=1",
					"$(inherited)",
				);
				GCC_SYMBOLS_PRIVATE_EXTERN = NO;
				GCC_WARN_64_TO_32_BIT_CONVERSION = YES;
				GCC_WARN_ABOUT_RETURN_TYPE = YES_ERROR;
				GCC_WARN_UNDECLARED_SELECTOR = YES;
				GCC_WARN_UNINITIALIZED_AUTOS = YES_AGGRESSIVE;
				GCC_WARN_UNUSED_FUNCTION = YES;
				GCC_WARN_UNUSED_VARIABLE = YES;
				IPHONEOS_DEPLOYMENT_TARGET = 8.4;
				MTL_ENABLE_DEBUG_INFO = YES;
				ONLY_ACTIVE_ARCH = YES;
				SDKROOT = iphoneos;
				SWIFT_OPTIMIZATION_LEVEL = "-Onone";
				TARGETED_DEVICE_FAMILY = "1,2";
			};
			name = Debug;
		};
		457ED3D71B4EEDB70045C25E /* Release */ = {
			isa = XCBuildConfiguration;
			buildSettings = {
				ALWAYS_SEARCH_USER_PATHS = NO;
				CLANG_CXX_LANGUAGE_STANDARD = "gnu++0x";
				CLANG_CXX_LIBRARY = "libc++";
				CLANG_ENABLE_MODULES = YES;
				CLANG_ENABLE_OBJC_ARC = YES;
				CLANG_WARN_BOOL_CONVERSION = YES;
				CLANG_WARN_CONSTANT_CONVERSION = YES;
				CLANG_WARN_DIRECT_OBJC_ISA_USAGE = YES_ERROR;
				CLANG_WARN_EMPTY_BODY = YES;
				CLANG_WARN_ENUM_CONVERSION = YES;
				CLANG_WARN_INT_CONVERSION = YES;
				CLANG_WARN_OBJC_ROOT_CLASS = YES_ERROR;
				CLANG_WARN_UNREACHABLE_CODE = YES;
				CLANG_WARN__DUPLICATE_METHOD_MATCH = YES;
				"CODE_SIGN_IDENTITY[sdk=iphoneos*]" = "iPhone Developer";
				COPY_PHASE_STRIP = NO;
				DEBUG_INFORMATION_FORMAT = "dwarf-with-dsym";
				ENABLE_NS_ASSERTIONS = NO;
				ENABLE_STRICT_OBJC_MSGSEND = YES;
				GCC_C_LANGUAGE_STANDARD = gnu99;
				GCC_NO_COMMON_BLOCKS = YES;
				GCC_WARN_64_TO_32_BIT_CONVERSION = YES;
				GCC_WARN_ABOUT_RETURN_TYPE = YES_ERROR;
				GCC_WARN_UNDECLARED_SELECTOR = YES;
				GCC_WARN_UNINITIALIZED_AUTOS = YES_AGGRESSIVE;
				GCC_WARN_UNUSED_FUNCTION = YES;
				GCC_WARN_UNUSED_VARIABLE = YES;
				IPHONEOS_DEPLOYMENT_TARGET = 8.4;
				MTL_ENABLE_DEBUG_INFO = NO;
				SDKROOT = iphoneos;
				TARGETED_DEVICE_FAMILY = "1,2";
				VALIDATE_PRODUCT = YES;
			};
			name = Release;
		};
		457ED3D91B4EEDB70045C25E /* Debug */ = {
			isa = XCBuildConfiguration;
			buildSettings = {
				ASSETCATALOG_COMPILER_APPICON_NAME = AppIcon;
				INFOPLIST_FILE = "Vankon World/Info.plist";
				LD_RUNPATH_SEARCH_PATHS = "$(inherited) @executable_path/Frameworks";
				PRODUCT_NAME = "$(TARGET_NAME)";
			};
			name = Debug;
		};
		457ED3DA1B4EEDB70045C25E /* Release */ = {
			isa = XCBuildConfiguration;
			buildSettings = {
				ASSETCATALOG_COMPILER_APPICON_NAME = AppIcon;
				INFOPLIST_FILE = "Vankon World/Info.plist";
				LD_RUNPATH_SEARCH_PATHS = "$(inherited) @executable_path/Frameworks";
				PRODUCT_NAME = "$(TARGET_NAME)";
			};
			name = Release;
		};
		457ED3DC1B4EEDB70045C25E /* Debug */ = {
			isa = XCBuildConfiguration;
			buildSettings = {
				BUNDLE_LOADER = "$(TEST_HOST)";
				FRAMEWORK_SEARCH_PATHS = (
					"$(SDKROOT)/Developer/Library/Frameworks",
					"$(inherited)",
				);
				GCC_PREPROCESSOR_DEFINITIONS = (
					"DEBUG=1",
					"$(inherited)",
				);
				INFOPLIST_FILE = "Vankon WorldTests/Info.plist";
				LD_RUNPATH_SEARCH_PATHS = "$(inherited) @executable_path/Frameworks @loader_path/Frameworks";
				PRODUCT_NAME = "$(TARGET_NAME)";
				TEST_HOST = "$(BUILT_PRODUCTS_DIR)/Vankon World.app/Vankon World";
			};
			name = Debug;
		};
		457ED3DD1B4EEDB70045C25E /* Release */ = {
			isa = XCBuildConfiguration;
			buildSettings = {
				BUNDLE_LOADER = "$(TEST_HOST)";
				FRAMEWORK_SEARCH_PATHS = (
					"$(SDKROOT)/Developer/Library/Frameworks",
					"$(inherited)",
				);
				INFOPLIST_FILE = "Vankon WorldTests/Info.plist";
				LD_RUNPATH_SEARCH_PATHS = "$(inherited) @executable_path/Frameworks @loader_path/Frameworks";
				PRODUCT_NAME = "$(TARGET_NAME)";
				TEST_HOST = "$(BUILT_PRODUCTS_DIR)/Vankon World.app/Vankon World";
			};
			name = Release;
		};
/* End XCBuildConfiguration section */

/* Begin XCConfigurationList section */
		457ED3B11B4EEDB60045C25E /* Build configuration list for PBXProject "Vankon World" */ = {
			isa = XCConfigurationList;
			buildConfigurations = (
				457ED3D61B4EEDB70045C25E /* Debug */,
				457ED3D71B4EEDB70045C25E /* Release */,
			);
			defaultConfigurationIsVisible = 0;
			defaultConfigurationName = Release;
		};
		457ED3D81B4EEDB70045C25E /* Build configuration list for PBXNativeTarget "Vankon World" */ = {
			isa = XCConfigurationList;
			buildConfigurations = (
				457ED3D91B4EEDB70045C25E /* Debug */,
				457ED3DA1B4EEDB70045C25E /* Release */,
			);
			defaultConfigurationIsVisible = 0;
		};
		457ED3DB1B4EEDB70045C25E /* Build configuration list for PBXNativeTarget "Vankon WorldTests" */ = {
			isa = XCConfigurationList;
			buildConfigurations = (
				457ED3DC1B4EEDB70045C25E /* Debug */,
				457ED3DD1B4EEDB70045C25E /* Release */,
			);
			defaultConfigurationIsVisible = 0;
		};
/* End XCConfigurationList section */

/* Begin XCVersionGroup section */
		457ED3BD1B4EEDB70045C25E /* Vankon_World.xcdatamodeld */ = {
			isa = XCVersionGroup;
			children = (
				457ED3BE1B4EEDB70045C25E /* Vankon_World.xcdatamodel */,
			);
			currentVersion = 457ED3BE1B4EEDB70045C25E /* Vankon_World.xcdatamodel */;
			path = Vankon_World.xcdatamodeld;
			sourceTree = "<group>";
			versionGroupType = wrapper.xcdatamodel;
		};
/* End XCVersionGroup section */
	};
	rootObject = 457ED3AE1B4EEDB60045C25E /* Project object */;
}
